
Microsoft Visual Studio Solution File, Format Version 12.00
# Visual Studio Version 17
VisualStudioVersion = 17.5.002.0
MinimumVisualStudioVersion = 10.0.40219.1
Project("{9A19103F-16F7-4668-BE54-9A1E7A4F7556}") = "GeoJsonConvertor", "GeoJsonConvertor.csproj", "{5D535ED2-9E88-4D7B-9C65-188EF2729660}"
EndProject
Global
	GlobalSection(SolutionConfigurationPlatforms) = preSolution
		Debug|Any CPU = Debug|Any CPU
		Release|Any CPU = Release|Any CPU
	EndGlobalSection
	GlobalSection(ProjectConfigurationPlatforms) = postSolution
		{5D535ED2-9E88-4D7B-9C65-188EF2729660}.Debug|Any CPU.ActiveCfg = Debug|Any CPU
		{5D535ED2-9E88-4D7B-9C65-188EF2729660}.Debug|Any CPU.Build.0 = Debug|Any CPU
		{5D535ED2-9E88-4D7B-9C65-188EF2729660}.Release|Any CPU.ActiveCfg = Release|Any CPU
		{5D535ED2-9E88-4D7B-9C65-188EF2729660}.Release|Any CPU.Build.0 = Release|Any CPU
	EndGlobalSection
	GlobalSection(SolutionProperties) = preSolution
		HideSolutionNode = FALSE
	EndGlobalSection
	GlobalSection(ExtensibilityGlobals) = postSolution
		SolutionGuid = {BA428F3D-8591-412C-A842-2D90ED0C0D38}
	EndGlobalSection
EndGlobal
